// !$*UTF8*$!
{
	archiveVersion = 1;
	classes = {
	};
	objectVersion = 46;
	objects = {

/* Begin PBXBuildFile section */
		6640CEA21C97D69A0095385A /* AppDelegate.swift in Sources */ = {isa = PBXBuildFile; fileRef = 6640CEA11C97D69A0095385A /* AppDelegate.swift */; };
		6640CEA41C97D69A0095385A /* ViewController.swift in Sources */ = {isa = PBXBuildFile; fileRef = 6640CEA31C97D69A0095385A /* ViewController.swift */; };
		6640CEA71C97D69A0095385A /* Main.storyboard in Resources */ = {isa = PBXBuildFile; fileRef = 6640CEA51C97D69A0095385A /* Main.storyboard */; };
		6640CEA91C97D69A0095385A /* Assets.xcassets in Resources */ = {isa = PBXBuildFile; fileRef = 6640CEA81C97D69A0095385A /* Assets.xcassets */; };
		6640CEAC1C97D69A0095385A /* LaunchScreen.storyboard in Resources */ = {isa = PBXBuildFile; fileRef = 6640CEAA1C97D69A0095385A /* LaunchScreen.storyboard */; };
		6640CEB41C97D6C00095385A /* UINavigationBar+Category.swift in Sources */ = {isa = PBXBuildFile; fileRef = 6640CEB31C97D6C00095385A /* UINavigationBar+Category.swift */; };
/* End PBXBuildFile section */

/* Begin PBXFileReference section */
		6640CE9E1C97D69A0095385A /* Test_NavigationBarWithStatusColor.app */ = {isa = PBXFileReference; explicitFileType = wrapper.application; includeInIndex = 0; path = Test_NavigationBarWithStatusColor.app; sourceTree = BUILT_PRODUCTS_DIR; };
		6640CEA11C97D69A0095385A /* AppDelegate.swift */ = {isa = PBXFileReference; lastKnownFileType = sourcecode.swift; path = AppDelegate.swift; sourceTree = "<group>"; };
		6640CEA31C97D69A0095385A /* ViewController.swift */ = {isa = PBXFileReference; lastKnownFileType = sourcecode.swift; path = ViewController.swift; sourceTree = "<group>"; };
		6640CEA61C97D69A0095385A /* Base */ = {isa = PBXFileReference; lastKnownFileType = file.storyboard; name = Base; path = Base.lproj/Main.storyboard; sourceTree = "<group>"; };
		6640CEA81C97D69A0095385A /* Assets.xcassets */ = {isa = PBXFileReference; lastKnownFileType = folder.assetcatalog; path = Assets.xcassets; sourceTree = "<group>"; };
		6640CEAB1C97D69A0095385A /* Base */ = {isa = PBXFileReference; lastKnownFileType = file.storyboard; name = Base; path = Base.lproj/LaunchScreen.storyboard; sourceTree = "<group>"; };
		6640CEAD1C97D69A0095385A /* Info.plist */ = {isa = PBXFileReference; lastKnownFileType = text.plist.xml; path = Info.plist; sourceTree = "<group>"; };
		6640CEB31C97D6C00095385A /* UINavigationBar+Category.swift */ = {isa = PBXFileReference; fileEncoding = 4; lastKnownFileType = sourcecode.swift; path = "UINavigationBar+Category.swift"; sourceTree = "<group>"; };
/* End PBXFileReference section */

/* Begin PBXFrameworksBuildPhase section */
		6640CE9B1C97D69A0095385A /* Frameworks */ = {
			isa = PBXFrameworksBuildPhase;
			buildActionMask = 2147483647;
			files = (
			);
			runOnlyForDeploymentPostprocessing = 0;
		};
/* End PBXFrameworksBuildPhase section */

/* Begin PBXGroup section */
		6640CE951C97D69A0095385A = {
			isa = PBXGroup;
			children = (
				6640CEA01C97D69A0095385A /* Test_NavigationBarWithStatusColor */,
				6640CE9F1C97D69A0095385A /* Products */,
			);
			sourceTree = "<group>";
		};
		6640CE9F1C97D69A0095385A /* Products */ = {
			isa = PBXGroup;
			children = (
				6640CE9E1C97D69A0095385A /* Test_NavigationBarWithStatusColor.app */,
			);
			name = Products;
			sourceTree = "<group>";
		};
		6640CEA01C97D69A0095385A /* Test_NavigationBarWithStatusColor */ = {
			isa = PBXGroup;
			children = (
				6640CEA11C97D69A0095385A /* AppDelegate.swift */,
				6640CEA31C97D69A0095385A /* ViewController.swift */,
				6640CEB31C97D6C00095385A /* UINavigationBar+Category.swift */,
				6640CEA51C97D69A0095385A /* Main.storyboard */,
				6640CEA81C97D69A0095385A /* Assets.xcassets */,
				6640CEAA1C97D69A0095385A /* LaunchScreen.storyboard */,
				6640CEAD1C97D69A0095385A /* Info.plist */,
			);
			path = Test_NavigationBarWithStatusColor;
			sourceTree = "<group>";
		};
/* End PBXGroup section */

/* Begin PBXNativeTarget section */
		6640CE9D1C97D69A0095385A /* Test_NavigationBarWithStatusColor */ = {
			isa = PBXNativeTarget;
			buildConfigurationList = 6640CEB01C97D69A0095385A /* Build configuration list for PBXNativeTarget "Test_NavigationBarWithStatusColor" */;
			buildPhases = (
				6640CE9A1C97D69A0095385A /* Sources */,
				6640CE9B1C97D69A0095385A /* Frameworks */,
				6640CE9C1C97D69A0095385A /* Resources */,
			);
			buildRules = (
			);
			dependencies = (
			);
			name = Test_NavigationBarWithStatusColor;
			productName = Test_NavigationBarWithStatusColor;
			productReference = 6640CE9E1C97D69A0095385A /* Test_NavigationBarWithStatusColor.app */;
			productType = "com.apple.product-type.application";
		};
/* End PBXNativeTarget section */

/* Begin PBXProject section */
		6640CE961C97D69A0095385A /* Project object */ = {
			isa = PBXProject;
			attributes = {
				LastSwiftUpdateCheck = 0720;
				LastUpgradeCheck = 0720;
				ORGANIZATIONNAME = zhaoyouwang;
				TargetAttributes = {
					6640CE9D1C97D69A0095385A = {
						CreatedOnToolsVersion = 7.2.1;
					};
				};
			};
			buildConfigurationList = 6640CE991C97D69A0095385A /* Build configuration list for PBXProject "Test_NavigationBarWithStatusColor" */;
			compatibilityVersion = "Xcode 3.2";
			developmentRegion = English;
			hasScannedForEncodings = 0;
			knownRegions = (
				en,
				Base,
			);
			mainGroup = 6640CE951C97D69A0095385A;
			productRefGroup = 6640CE9F1C97D69A0095385A /* Products */;
			projectDirPath = "";
			projectRoot = "";
			targets = (
				6640CE9D1C97D69A0095385A /* Test_NavigationBarWithStatusColor */,
			);
		};
/* End PBXProject section */

/* Begin PBXResourcesBuildPhase section */
		6640CE9C1C97D69A0095385A /* Resources */ = {
			isa = PBXResourcesBuildPhase;
			buildActionMask = 2147483647;
			files = (
				6640CEAC1C97D69A0095385A /* LaunchScreen.storyboard in Resources */,
				6640CEA91C97D69A0095385A /* Assets.xcassets in Resources */,
				6640CEA71C97D69A0095385A /* Main.storyboard in Resources */,
			);
			runOnlyForDeploymentPostprocessing = 0;
		};
/* End PBXResourcesBuildPhase section */

/* Begin PBXSourcesBuildPhase section */
		6640CE9A1C97D69A0095385A /* Sources */ = {
			isa = PBXSourcesBuildPhase;
			buildActionMask = 2147483647;
			files = (
				6640CEB41C97D6C00095385A /* UINavigationBar+Category.swift in Sources */,
				6640CEA41C97D69A0095385A /* ViewController.swift in Sources */,
				6640CEA21C97D69A0095385A /* AppDelegate.swift in Sources */,
			);
			runOnlyForDeploymentPostprocessing = 0;
		};
/* End PBXSourcesBuildPhase section */

/* Begin PBXVariantGroup section */
		6640CEA51C97D69A0095385A /* Main.storyboard */ = {
			isa = PBXVariantGroup;
			children = (
				6640CEA61C97D69A0095385A /* Base */,
			);
			name = Main.storyboard;
			sourceTree = "<group>";
		};
		6640CEAA1C97D69A0095385A /* LaunchScreen.storyboard */ = {
			isa = PBXVariantGroup;
			children = (
				6640CEAB1C97D69A0095385A /* Base */,
			);
			name = LaunchScreen.storyboard;
			sourceTree = "<group>";
		};
/* End PBXVariantGroup section */

/* Begin XCBuildConfiguration section */
		6640CEAE1C97D69A0095385A /* Debug */ = {
			isa = XCBuildConfiguration;
			buildSettings = {
				ALWAYS_SEARCH_USER_PATHS = NO;
				CLANG_CXX_LANGUAGE_STANDARD = "gnu++0x";
				CLANG_CXX_LIBRARY = "libc++";
				CLANG_ENABLE_MODULES = YES;
				CLANG_ENABLE_OBJC_ARC = YES;
				CLANG_WARN_BOOL_CONVERSION = YES;
				CLANG_WARN_CONSTANT_CONVERSION = YES;
				CLANG_WARN_DIRECT_OBJC_ISA_USAGE = YES_ERROR;
				CLANG_WARN_EMPTY_BODY = YES;
				CLANG_WARN_ENUM_CONVERSION = YES;
				CLANG_WARN_INT_CONVERSION = YES;
				CLANG_WARN_OBJC_ROOT_CLASS = YES_ERROR;
				CLANG_WARN_UNREACHABLE_CODE = YES;
				CLANG_WARN__DUPLICATE_METHOD_MATCH = YES;
				"CODE_SIGN_IDENTITY[sdk=iphoneos*]" = "iPhone Developer";
				COPY_PHASE_STRIP = NO;
				DEBUG_INFORMATION_FORMAT = dwarf;
				ENABLE_STRICT_OBJC_MSGSEND = YES;
				ENABLE_TESTABILITY = YES;
				GCC_C_LANGUAGE_STANDARD = gnu99;
				GCC_DYNAMIC_NO_PIC = NO;
				GCC_NO_COMMON_BLOCKS = YES;
				GCC_OPTIMIZATION_LEVEL = 0;
				GCC_PREPROCESSOR_DEFINITIONS = (
					"DEBUG=1",
					"$(inherited)",
				);
				GCC_WARN_64_TO_32_BIT_CONVERSION = YES;
				GCC_WARN_ABOUT_RETURN_TYPE = YES_ERROR;
				GCC_WARN_UNDECLARED_SELECTOR = YES;
				GCC_WARN_UNINITIALIZED_AUTOS = YES_AGGRESSIVE;
				GCC_WARN_UNUSED_FUNCTION = YES;
				GCC_WARN_UNUSED_VARIABLE = YES;
				IPHONEOS_DEPLOYMENT_TARGET = 9.2;
				MTL_ENABLE_DEBUG_INFO = YES;
				ONLY_ACTIVE_ARCH = YES;
				SDKROOT = iphoneos;
				SWIFT_OPTIMIZATION_LEVEL = "-Onone";
			};
			name = Debug;
		};
		6640CEAF1C97D69A0095385A /* Release */ = {
			isa = XCBuildConfiguration;
			buildSettings = {
				ALWAYS_SEARCH_USER_PATHS = NO;
				CLANG_CXX_LANGUAGE_STANDARD = "gnu++0x";
				CLANG_CXX_LIBRARY = "libc++";
				CLANG_ENABLE_MODULES = YES;
				CLANG_ENABLE_OBJC_ARC = YES;
				CLANG_WARN_BOOL_CONVERSION = YES;
				CLANG_WARN_CONSTANT_CONVERSION = YES;
				CLANG_WARN_DIRECT_OBJC_ISA_USAGE = YES_ERROR;
				CLANG_WARN_EMPTY_BODY = YES;
				CLANG_WARN_ENUM_CONVERSION = YES;
				CLANG_WARN_INT_CONVERSION = YES;
				CLANG_WARN_OBJC_ROOT_CLASS = YES_ERROR;
				CLANG_WARN_UNREACHABLE_CODE = YES;
				CLANG_WARN__DUPLICATE_METHOD_MATCH = YES;
				"CODE_SIGN_IDENTITY[sdk=iphoneos*]" = "iPhone Developer";
				COPY_PHASE_STRIP = NO;
				DEBUG_INFORMATION_FORMAT = "dwarf-with-dsym";
				ENABLE_NS_ASSERTIONS = NO;
				ENABLE_STRICT_OBJC_MSGSEND = YES;
				GCC_C_LANGUAGE_STANDARD = gnu99;
				GCC_NO_COMMON_BLOCKS = YES;
				GCC_WARN_64_TO_32_BIT_CONVERSION = YES;
				GCC_WARN_ABOUT_RETURN_TYPE = YES_ERROR;
				GCC_WARN_UNDECLARED_SELECTOR = YES;
				GCC_WARN_UNINITIALIZED_AUTOS = YES_AGGRESSIVE;
				GCC_WARN_UNUSED_FUNCTION = YES;
				GCC_WARN_UNUSED_VARIABLE = YES;
				IPHONEOS_DEPLOYMENT_TARGET = 9.2;
				MTL_ENABLE_DEBUG_INFO = NO;
				SDKROOT = iphoneos;
				VALIDATE_PRODUCT = YES;
			};
			name = Release;
		};
		6640CEB11C97D69A0095385A /* Debug */ = {
			isa = XCBuildConfiguration;
			buildSettings = {
				ASSETCATALOG_COMPILER_APPICON_NAME = AppIcon;
				INFOPLIST_FILE = Test_NavigationBarWithStatusColor/Info.plist;
				LD_RUNPATH_SEARCH_PATHS = "$(inherited) @executable_path/Frameworks";
				PRODUCT_BUNDLE_IDENTIFIER = "com.zhaoyouwang.Test-NavigationBarWithStatusColor";
				PRODUCT_NAME = "$(TARGET_NAME)";
			};
			name = Debug;
		};
		6640CEB21C97D69A0095385A /* Release */ = {
			isa = XCBuildConfiguration;
			buildSettings = {
				ASSETCATALOG_COMPILER_APPICON_NAME = AppIcon;
				INFOPLIST_FILE = Test_NavigationBarWithStatusColor/Info.plist;
				LD_RUNPATH_SEARCH_PATHS = "$(inherited) @executable_path/Frameworks";
				PRODUCT_BUNDLE_IDENTIFIER = "com.zhaoyouwang.Test-NavigationBarWithStatusColor";
				PRODUCT_NAME = "$(TARGET_NAME)";
			};
			name = Release;
		};
/* End XCBuildConfiguration section */

/* Begin XCConfigurationList section */
		6640CE991C97D69A0095385A /* Build configuration list for PBXProject "Test_NavigationBarWithStatusColor" */ = {
			isa = XCConfigurationList;
			buildConfigurations = (
				6640CEAE1C97D69A0095385A /* Debug */,
				6640CEAF1C97D69A0095385A /* Release */,
			);
			defaultConfigurationIsVisible = 0;
			defaultConfigurationName = Release;
		};
		6640CEB01C97D69A0095385A /* Build configuration list for PBXNativeTarget "Test_NavigationBarWithStatusColor" */ = {
			isa = XCConfigurationList;
			buildConfigurations = (
				6640CEB11C97D69A0095385A /* Debug */,
				6640CEB21C97D69A0095385A /* Release */,
			);
			defaultConfigurationIsVisible = 0;
		};
/* End XCConfigurationList section */
	};
	rootObject = 6640CE961C97D69A0095385A /* Project object */;
}
